{
  "name": "niconico-wave",
  "version": "0.0.0",
  "lockfileVersion": 1,
  "requires": true,
  "dependencies": {
    "@akashic-extension/akashic-animation": {
      "version": "2.7.1",
      "resolved": "https://registry.npmjs.org/@akashic-extension/akashic-animation/-/akashic-animation-2.7.1.tgz",
      "integrity": "sha1-qHs8Bqa4qy9u3AzM4U34S+bS03g="
    },
    "@akashic-extension/akashic-timeline": {
      "version": "0.4.4",
      "resolved": "https://registry.npmjs.org/@akashic-extension/akashic-timeline/-/akashic-timeline-0.4.4.tgz",
      "integrity": "sha512-ipxru/XJIskAsnk14/jvL41axZtRNj6qnSoTVLdRg3L6h0yEcgP02eYF2qdN8ZCZPekQCxDNfODk+IqGPXzlFQ=="
    }
  }
}
